{
    "_readme": [
        "This file locks the dependencies of your project to a known state",
        "Read more about it at https://getcomposer.org/doc/01-basic-usage.md#installing-dependencies",
        "This file is @generated automatically"
    ],
    "content-hash": "8ad3b766d6e1493ca4790358ae02084f",
    "packages": [
        {
            "name": "a5hleyrich/wp-background-processing",
            "version": "1.0.1",
            "source": {
                "type": "git",
                "url": "https://github.com/A5hleyRich/wp-background-processing.git",
                "reference": "1f070aab5058dbaf45d5435a343033ddd8a641b1"
            },
            "dist": {
                "type": "zip",
                "url": "https://api.github.com/repos/A5hleyRich/wp-background-processing/zipball/1f070aab5058dbaf45d5435a343033ddd8a641b1",
                "reference": "1f070aab5058dbaf45d5435a343033ddd8a641b1",
                "shasum": ""
            },
            "require": {
                "php": ">=5.2"
            },
            "type": "library",
            "autoload": {
                "classmap": [
                    "classes/"
                ]
            },
            "notification-url": "https://packagist.org/downloads/",
            "license": [
                "GPL-2.0-only"
            ],
            "authors": [
                {
                    "name": "Ashley Rich",
                    "email": "hello@ashleyrich.com"
                }
            ],
            "description": "WP Background Processing can be used to fire off non-blocking asynchronous requests or as a background processing tool, allowing you to queue tasks.",
            "time": "2018-02-12T09:24:05+00:00"
        },
        {
            "name": "mnsami/composer-custom-directory-installer",
            "version": "1.1.1",
            "source": {
                "type": "git",
                "url": "https://github.com/mnsami/composer-custom-directory-installer.git",
                "reference": "8cc82e0c5801cc3bf53ba452afdcaa5c6ff645a5"
            },
            "dist": {
                "type": "zip",
                "url": "https://api.github.com/repos/mnsami/composer-custom-directory-installer/zipball/8cc82e0c5801cc3bf53ba452afdcaa5c6ff645a5",
                "reference": "8cc82e0c5801cc3bf53ba452afdcaa5c6ff645a5",
                "shasum": ""
            },
            "require": {
                "composer-plugin-api": "^1.0",
                "php": ">=5.3"
            },
            "type": "composer-plugin",
            "extra": {
                "class": [
                    "Composer\\CustomDirectoryInstaller\\LibraryPlugin",
                    "Composer\\CustomDirectoryInstaller\\PearPlugin",
                    "Composer\\CustomDirectoryInstaller\\PluginPlugin"
                ],
                "branch-alias": {
                    "dev-master": "1.1.x-dev"
                }
            },
            "autoload": {
                "psr-0": {
                    "Composer\\CustomDirectoryInstaller": "src/"
                }
            },
            "notification-url": "https://packagist.org/downloads/",
            "license": [
                "MIT"
            ],
            "authors": [
                {
                    "name": "Mina Nabil Sami",
                    "email": "mina.nsami@gmail.com"
                }
            ],
            "description": "A composer plugin, to help install packages of different types in custom paths.",
            "keywords": [
                "composer",
                "composer-installer",
                "composer-plugin"
            ],
            "time": "2016-05-25T08:26:02+00:00"
        }
    ],
    "packages-dev": [],
    "aliases": [],
    "minimum-stability": "stable",
    "stability-flags": [],
    "prefer-stable": true,
    "prefer-lowest": false,
    "platform": [],
    "platform-dev": []
}
